
Microsoft Visual Studio Solution File, Format Version 12.00
# Visual Studio Version 17
VisualStudioVersion = 17.0.32002.185
MinimumVisualStudioVersion = 10.0.40219.1
Project("{9A19103F-16F7-4668-BE54-9A1E7A4F7556}") = "CoursesWorkshop", "CoursesWorkshop.csproj", "{F4CB723B-075D-49FD-ADF7-8237FDA6481A}"
EndProject
Project("{FAE04EC0-301F-11D3-BF4B-00C04F79EFBC}") = "CoursesWorkshopTests", "..\CoursesWorkshopTests\CoursesWorkshopTests.csproj", "{12886990-8BA4-42A6-9121-41465DE85833}"
EndProject
Global
	GlobalSection(SolutionConfigurationPlatforms) = preSolution
		Debug|Any CPU = Debug|Any CPU
		Release|Any CPU = Release|Any CPU
	EndGlobalSection
	GlobalSection(ProjectConfigurationPlatforms) = postSolution
		{F4CB723B-075D-49FD-ADF7-8237FDA6481A}.Debug|Any CPU.ActiveCfg = Debug|Any CPU
		{F4CB723B-075D-49FD-ADF7-8237FDA6481A}.Debug|Any CPU.Build.0 = Debug|Any CPU
		{F4CB723B-075D-49FD-ADF7-8237FDA6481A}.Release|Any CPU.ActiveCfg = Release|Any CPU
		{F4CB723B-075D-49FD-ADF7-8237FDA6481A}.Release|Any CPU.Build.0 = Release|Any CPU
		{12886990-8BA4-42A6-9121-41465DE85833}.Debug|Any CPU.ActiveCfg = Debug|Any CPU
		{12886990-8BA4-42A6-9121-41465DE85833}.Debug|Any CPU.Build.0 = Debug|Any CPU
		{12886990-8BA4-42A6-9121-41465DE85833}.Release|Any CPU.ActiveCfg = Release|Any CPU
		{12886990-8BA4-42A6-9121-41465DE85833}.Release|Any CPU.Build.0 = Release|Any CPU
	EndGlobalSection
	GlobalSection(SolutionProperties) = preSolution
		HideSolutionNode = FALSE
	EndGlobalSection
	GlobalSection(ExtensibilityGlobals) = postSolution
		SolutionGuid = {51FD8BF5-531E-444A-A642-E317FCF7F957}
	EndGlobalSection
EndGlobal
